
Microsoft Visual Studio Solution File, Format Version 12.00
# Visual Studio 15
VisualStudioVersion = 15.0.26730.12
MinimumVisualStudioVersion = 10.0.40219.1
Project("{FAE04EC0-301F-11D3-BF4B-00C04F79EFBC}") = "YoutubeVideoTaker.Android", "YoutubeVideoTaker\YoutubeVideoTaker.Android\YoutubeVideoTaker.Android.csproj", "{83893D16-9060-45C9-A6BD-9732BDA8DE89}"
EndProject
Project("{FAE04EC0-301F-11D3-BF4B-00C04F79EFBC}") = "YoutubeVideoTaker", "YoutubeVideoTaker\YoutubeVideoTaker\YoutubeVideoTaker.csproj", "{E64E6B22-7FE7-4EBF-B9CE-B165F9C7714F}"
EndProject
Project("{FAE04EC0-301F-11D3-BF4B-00C04F79EFBC}") = "YoutubeVideoTaker.UWP", "YoutubeVideoTaker\YoutubeVideoTaker.UWP\YoutubeVideoTaker.UWP.csproj", "{209D7521-4648-4E38-8E21-554E3F5F2727}"
EndProject
Project("{FAE04EC0-301F-11D3-BF4B-00C04F79EFBC}") = "YoutubeVideoTaker.iOS", "YoutubeVideoTaker\YoutubeVideoTaker.iOS\YoutubeVideoTaker.iOS.csproj", "{48681EAE-C676-44BE-AAA2-3C71855B6BD5}"
EndProject
Global
	GlobalSection(SolutionConfigurationPlatforms) = preSolution
		Ad-Hoc|Any CPU = Ad-Hoc|Any CPU
		Ad-Hoc|ARM = Ad-Hoc|ARM
		Ad-Hoc|iPhone = Ad-Hoc|iPhone
		Ad-Hoc|iPhoneSimulator = Ad-Hoc|iPhoneSimulator
		Ad-Hoc|x64 = Ad-Hoc|x64
		Ad-Hoc|x86 = Ad-Hoc|x86
		AppStore|Any CPU = AppStore|Any CPU
		AppStore|ARM = AppStore|ARM
		AppStore|iPhone = AppStore|iPhone
		AppStore|iPhoneSimulator = AppStore|iPhoneSimulator
		AppStore|x64 = AppStore|x64
		AppStore|x86 = AppStore|x86
		Debug|Any CPU = Debug|Any CPU
		Debug|ARM = Debug|ARM
		Debug|iPhone = Debug|iPhone
		Debug|iPhoneSimulator = Debug|iPhoneSimulator
		Debug|x64 = Debug|x64
		Debug|x86 = Debug|x86
		Release|Any CPU = Release|Any CPU
		Release|ARM = Release|ARM
		Release|iPhone = Release|iPhone
		Release|iPhoneSimulator = Release|iPhoneSimulator
		Release|x64 = Release|x64
		Release|x86 = Release|x86
	EndGlobalSection
	GlobalSection(ProjectConfigurationPlatforms) = postSolution
		{83893D16-9060-45C9-A6BD-9732BDA8DE89}.Ad-Hoc|Any CPU.ActiveCfg = Release|Any CPU
		{83893D16-9060-45C9-A6BD-9732BDA8DE89}.Ad-Hoc|Any CPU.Build.0 = Release|Any CPU
		{83893D16-9060-45C9-A6BD-9732BDA8DE89}.Ad-Hoc|Any CPU.Deploy.0 = Release|Any CPU
		{83893D16-9060-45C9-A6BD-9732BDA8DE89}.Ad-Hoc|ARM.ActiveCfg = Release|Any CPU
		{83893D16-9060-45C9-A6BD-9732BDA8DE89}.Ad-Hoc|ARM.Build.0 = Release|Any CPU
		{83893D16-9060-45C9-A6BD-9732BDA8DE89}.Ad-Hoc|ARM.Deploy.0 = Release|Any CPU
		{83893D16-9060-45C9-A6BD-9732BDA8DE89}.Ad-Hoc|iPhone.ActiveCfg = Release|Any CPU
		{83893D16-9060-45C9-A6BD-9732BDA8DE89}.Ad-Hoc|iPhone.Build.0 = Release|Any CPU
		{83893D16-9060-45C9-A6BD-9732BDA8DE89}.Ad-Hoc|iPhone.Deploy.0 = Release|Any CPU
		{83893D16-9060-45C9-A6BD-9732BDA8DE89}.Ad-Hoc|iPhoneSimulator.ActiveCfg = Release|Any CPU
		{83893D16-9060-45C9-A6BD-9732BDA8DE89}.Ad-Hoc|iPhoneSimulator.Build.0 = Release|Any CPU
		{83893D16-9060-45C9-A6BD-9732BDA8DE89}.Ad-Hoc|iPhoneSimulator.Deploy.0 = Release|Any CPU
		{83893D16-9060-45C9-A6BD-9732BDA8DE89}.Ad-Hoc|x64.ActiveCfg = Release|Any CPU
		{83893D16-9060-45C9-A6BD-9732BDA8DE89}.Ad-Hoc|x64.Build.0 = Release|Any CPU
		{83893D16-9060-45C9-A6BD-9732BDA8DE89}.Ad-Hoc|x64.Deploy.0 = Release|Any CPU
		{83893D16-9060-45C9-A6BD-9732BDA8DE89}.Ad-Hoc|x86.ActiveCfg = Release|Any CPU
		{83893D16-9060-45C9-A6BD-9732BDA8DE89}.Ad-Hoc|x86.Build.0 = Release|Any CPU
		{83893D16-9060-45C9-A6BD-9732BDA8DE89}.Ad-Hoc|x86.Deploy.0 = Release|Any CPU
		{83893D16-9060-45C9-A6BD-9732BDA8DE89}.AppStore|Any CPU.ActiveCfg = Release|Any CPU
		{83893D16-9060-45C9-A6BD-9732BDA8DE89}.AppStore|Any CPU.Build.0 = Release|Any CPU
		{83893D16-9060-45C9-A6BD-9732BDA8DE89}.AppStore|Any CPU.Deploy.0 = Release|Any CPU
		{83893D16-9060-45C9-A6BD-9732BDA8DE89}.AppStore|ARM.ActiveCfg = Release|Any CPU
		{83893D16-9060-45C9-A6BD-9732BDA8DE89}.AppStore|ARM.Build.0 = Release|Any CPU
		{83893D16-9060-45C9-A6BD-9732BDA8DE89}.AppStore|ARM.Deploy.0 = Release|Any CPU
		{83893D16-9060-45C9-A6BD-9732BDA8DE89}.AppStore|iPhone.ActiveCfg = Release|Any CPU
		{83893D16-9060-45C9-A6BD-9732BDA8DE89}.AppStore|iPhone.Build.0 = Release|Any CPU
		{83893D16-9060-45C9-A6BD-9732BDA8DE89}.AppStore|iPhone.Deploy.0 = Release|Any CPU
		{83893D16-9060-45C9-A6BD-9732BDA8DE89}.AppStore|iPhoneSimulator.ActiveCfg = Release|Any CPU
		{83893D16-9060-45C9-A6BD-9732BDA8DE89}.AppStore|iPhoneSimulator.Build.0 = Release|Any CPU
		{83893D16-9060-45C9-A6BD-9732BDA8DE89}.AppStore|iPhoneSimulator.Deploy.0 = Release|Any CPU
		{83893D16-9060-45C9-A6BD-9732BDA8DE89}.AppStore|x64.ActiveCfg = Release|Any CPU
		{83893D16-9060-45C9-A6BD-9732BDA8DE89}.AppStore|x64.Build.0 = Release|Any CPU
		{83893D16-9060-45C9-A6BD-9732BDA8DE89}.AppStore|x64.Deploy.0 = Release|Any CPU
		{83893D16-9060-45C9-A6BD-9732BDA8DE89}.AppStore|x86.ActiveCfg = Release|Any CPU
		{83893D16-9060-45C9-A6BD-9732BDA8DE89}.AppStore|x86.Build.0 = Release|Any CPU
		{83893D16-9060-45C9-A6BD-9732BDA8DE89}.AppStore|x86.Deploy.0 = Release|Any CPU
		{83893D16-9060-45C9-A6BD-9732BDA8DE89}.Debug|Any CPU.ActiveCfg = Debug|Any CPU
		{83893D16-9060-45C9-A6BD-9732BDA8DE89}.Debug|Any CPU.Build.0 = Debug|Any CPU
		{83893D16-9060-45C9-A6BD-9732BDA8DE89}.Debug|Any CPU.Deploy.0 = Debug|Any CPU
		{83893D16-9060-45C9-A6BD-9732BDA8DE89}.Debug|ARM.ActiveCfg = Debug|Any CPU
		{83893D16-9060-45C9-A6BD-9732BDA8DE89}.Debug|ARM.Build.0 = Debug|Any CPU
		{83893D16-9060-45C9-A6BD-9732BDA8DE89}.Debug|ARM.Deploy.0 = Debug|Any CPU
		{83893D16-9060-45C9-A6BD-9732BDA8DE89}.Debug|iPhone.ActiveCfg = Debug|Any CPU
		{83893D16-9060-45C9-A6BD-9732BDA8DE89}.Debug|iPhone.Build.0 = Debug|Any CPU
		{83893D16-9060-45C9-A6BD-9732BDA8DE89}.Debug|iPhone.Deploy.0 = Debug|Any CPU
		{83893D16-9060-45C9-A6BD-9732BDA8DE89}.Debug|iPhoneSimulator.ActiveCfg = Debug|Any CPU
		{83893D16-9060-45C9-A6BD-9732BDA8DE89}.Debug|iPhoneSimulator.Build.0 = Debug|Any CPU
		{83893D16-9060-45C9-A6BD-9732BDA8DE89}.Debug|iPhoneSimulator.Deploy.0 = Debug|Any CPU
		{83893D16-9060-45C9-A6BD-9732BDA8DE89}.Debug|x64.ActiveCfg = Debug|Any CPU
		{83893D16-9060-45C9-A6BD-9732BDA8DE89}.Debug|x64.Build.0 = Debug|Any CPU
		{83893D16-9060-45C9-A6BD-9732BDA8DE89}.Debug|x64.Deploy.0 = Debug|Any CPU
		{83893D16-9060-45C9-A6BD-9732BDA8DE89}.Debug|x86.ActiveCfg = Debug|Any CPU
		{83893D16-9060-45C9-A6BD-9732BDA8DE89}.Debug|x86.Build.0 = Debug|Any CPU
		{83893D16-9060-45C9-A6BD-9732BDA8DE89}.Debug|x86.Deploy.0 = Debug|Any CPU
		{83893D16-9060-45C9-A6BD-9732BDA8DE89}.Release|Any CPU.ActiveCfg = Release|Any CPU
		{83893D16-9060-45C9-A6BD-9732BDA8DE89}.Release|Any CPU.Build.0 = Release|Any CPU
		{83893D16-9060-45C9-A6BD-9732BDA8DE89}.Release|Any CPU.Deploy.0 = Release|Any CPU
		{83893D16-9060-45C9-A6BD-9732BDA8DE89}.Release|ARM.ActiveCfg = Release|Any CPU
		{83893D16-9060-45C9-A6BD-9732BDA8DE89}.Release|ARM.Build.0 = Release|Any CPU
		{83893D16-9060-45C9-A6BD-9732BDA8DE89}.Release|ARM.Deploy.0 = Release|Any CPU
		{83893D16-9060-45C9-A6BD-9732BDA8DE89}.Release|iPhone.ActiveCfg = Release|Any CPU
		{83893D16-9060-45C9-A6BD-9732BDA8DE89}.Release|iPhone.Build.0 = Release|Any CPU
		{83893D16-9060-45C9-A6BD-9732BDA8DE89}.Release|iPhone.Deploy.0 = Release|Any CPU
		{83893D16-9060-45C9-A6BD-9732BDA8DE89}.Release|iPhoneSimulator.ActiveCfg = Release|Any CPU
		{83893D16-9060-45C9-A6BD-9732BDA8DE89}.Release|iPhoneSimulator.Build.0 = Release|Any CPU
		{83893D16-9060-45C9-A6BD-9732BDA8DE89}.Release|iPhoneSimulator.Deploy.0 = Release|Any CPU
		{83893D16-9060-45C9-A6BD-9732BDA8DE89}.Release|x64.ActiveCfg = Release|Any CPU
		{83893D16-9060-45C9-A6BD-9732BDA8DE89}.Release|x64.Build.0 = Release|Any CPU
		{83893D16-9060-45C9-A6BD-9732BDA8DE89}.Release|x64.Deploy.0 = Release|Any CPU
		{83893D16-9060-45C9-A6BD-9732BDA8DE89}.Release|x86.ActiveCfg = Release|Any CPU
		{83893D16-9060-45C9-A6BD-9732BDA8DE89}.Release|x86.Build.0 = Release|Any CPU
		{83893D16-9060-45C9-A6BD-9732BDA8DE89}.Release|x86.Deploy.0 = Release|Any CPU
		{E64E6B22-7FE7-4EBF-B9CE-B165F9C7714F}.Ad-Hoc|Any CPU.ActiveCfg = Release|Any CPU
		{E64E6B22-7FE7-4EBF-B9CE-B165F9C7714F}.Ad-Hoc|Any CPU.Build.0 = Release|Any CPU
		{E64E6B22-7FE7-4EBF-B9CE-B165F9C7714F}.Ad-Hoc|ARM.ActiveCfg = Release|Any CPU
		{E64E6B22-7FE7-4EBF-B9CE-B165F9C7714F}.Ad-Hoc|ARM.Build.0 = Release|Any CPU
		{E64E6B22-7FE7-4EBF-B9CE-B165F9C7714F}.Ad-Hoc|iPhone.ActiveCfg = Release|Any CPU
		{E64E6B22-7FE7-4EBF-B9CE-B165F9C7714F}.Ad-Hoc|iPhone.Build.0 = Release|Any CPU
		{E64E6B22-7FE7-4EBF-B9CE-B165F9C7714F}.Ad-Hoc|iPhoneSimulator.ActiveCfg = Release|Any CPU
		{E64E6B22-7FE7-4EBF-B9CE-B165F9C7714F}.Ad-Hoc|iPhoneSimulator.Build.0 = Release|Any CPU
		{E64E6B22-7FE7-4EBF-B9CE-B165F9C7714F}.Ad-Hoc|x64.ActiveCfg = Release|Any CPU
		{E64E6B22-7FE7-4EBF-B9CE-B165F9C7714F}.Ad-Hoc|x64.Build.0 = Release|Any CPU
		{E64E6B22-7FE7-4EBF-B9CE-B165F9C7714F}.Ad-Hoc|x86.ActiveCfg = Release|Any CPU
		{E64E6B22-7FE7-4EBF-B9CE-B165F9C7714F}.Ad-Hoc|x86.Build.0 = Release|Any CPU
		{E64E6B22-7FE7-4EBF-B9CE-B165F9C7714F}.AppStore|Any CPU.ActiveCfg = Release|Any CPU
		{E64E6B22-7FE7-4EBF-B9CE-B165F9C7714F}.AppStore|Any CPU.Build.0 = Release|Any CPU
		{E64E6B22-7FE7-4EBF-B9CE-B165F9C7714F}.AppStore|ARM.ActiveCfg = Release|Any CPU
		{E64E6B22-7FE7-4EBF-B9CE-B165F9C7714F}.AppStore|ARM.Build.0 = Release|Any CPU
		{E64E6B22-7FE7-4EBF-B9CE-B165F9C7714F}.AppStore|iPhone.ActiveCfg = Release|Any CPU
		{E64E6B22-7FE7-4EBF-B9CE-B165F9C7714F}.AppStore|iPhone.Build.0 = Release|Any CPU
		{E64E6B22-7FE7-4EBF-B9CE-B165F9C7714F}.AppStore|iPhoneSimulator.ActiveCfg = Release|Any CPU
		{E64E6B22-7FE7-4EBF-B9CE-B165F9C7714F}.AppStore|iPhoneSimulator.Build.0 = Release|Any CPU
		{E64E6B22-7FE7-4EBF-B9CE-B165F9C7714F}.AppStore|x64.ActiveCfg = Release|Any CPU
		{E64E6B22-7FE7-4EBF-B9CE-B165F9C7714F}.AppStore|x64.Build.0 = Release|Any CPU
		{E64E6B22-7FE7-4EBF-B9CE-B165F9C7714F}.AppStore|x86.ActiveCfg = Release|Any CPU
		{E64E6B22-7FE7-4EBF-B9CE-B165F9C7714F}.AppStore|x86.Build.0 = Release|Any CPU
		{E64E6B22-7FE7-4EBF-B9CE-B165F9C7714F}.Debug|Any CPU.ActiveCfg = Debug|Any CPU
		{E64E6B22-7FE7-4EBF-B9CE-B165F9C7714F}.Debug|Any CPU.Build.0 = Debug|Any CPU
		{E64E6B22-7FE7-4EBF-B9CE-B165F9C7714F}.Debug|ARM.ActiveCfg = Debug|Any CPU
		{E64E6B22-7FE7-4EBF-B9CE-B165F9C7714F}.Debug|ARM.Build.0 = Debug|Any CPU
		{E64E6B22-7FE7-4EBF-B9CE-B165F9C7714F}.Debug|iPhone.ActiveCfg = Debug|Any CPU
		{E64E6B22-7FE7-4EBF-B9CE-B165F9C7714F}.Debug|iPhone.Build.0 = Debug|Any CPU
		{E64E6B22-7FE7-4EBF-B9CE-B165F9C7714F}.Debug|iPhoneSimulator.ActiveCfg = Debug|Any CPU
		{E64E6B22-7FE7-4EBF-B9CE-B165F9C7714F}.Debug|iPhoneSimulator.Build.0 = Debug|Any CPU
		{E64E6B22-7FE7-4EBF-B9CE-B165F9C7714F}.Debug|x64.ActiveCfg = Debug|Any CPU
		{E64E6B22-7FE7-4EBF-B9CE-B165F9C7714F}.Debug|x64.Build.0 = Debug|Any CPU
		{E64E6B22-7FE7-4EBF-B9CE-B165F9C7714F}.Debug|x86.ActiveCfg = Debug|Any CPU
		{E64E6B22-7FE7-4EBF-B9CE-B165F9C7714F}.Debug|x86.Build.0 = Debug|Any CPU
		{E64E6B22-7FE7-4EBF-B9CE-B165F9C7714F}.Release|Any CPU.ActiveCfg = Release|Any CPU
		{E64E6B22-7FE7-4EBF-B9CE-B165F9C7714F}.Release|Any CPU.Build.0 = Release|Any CPU
		{E64E6B22-7FE7-4EBF-B9CE-B165F9C7714F}.Release|ARM.ActiveCfg = Release|Any CPU
		{E64E6B22-7FE7-4EBF-B9CE-B165F9C7714F}.Release|ARM.Build.0 = Release|Any CPU
		{E64E6B22-7FE7-4EBF-B9CE-B165F9C7714F}.Release|iPhone.ActiveCfg = Release|Any CPU
		{E64E6B22-7FE7-4EBF-B9CE-B165F9C7714F}.Release|iPhone.Build.0 = Release|Any CPU
		{E64E6B22-7FE7-4EBF-B9CE-B165F9C7714F}.Release|iPhoneSimulator.ActiveCfg = Release|Any CPU
		{E64E6B22-7FE7-4EBF-B9CE-B165F9C7714F}.Release|iPhoneSimulator.Build.0 = Release|Any CPU
		{E64E6B22-7FE7-4EBF-B9CE-B165F9C7714F}.Release|x64.ActiveCfg = Release|Any CPU
		{E64E6B22-7FE7-4EBF-B9CE-B165F9C7714F}.Release|x64.Build.0 = Release|Any CPU
		{E64E6B22-7FE7-4EBF-B9CE-B165F9C7714F}.Release|x86.ActiveCfg = Release|Any CPU
		{E64E6B22-7FE7-4EBF-B9CE-B165F9C7714F}.Release|x86.Build.0 = Release|Any CPU
		{209D7521-4648-4E38-8E21-554E3F5F2727}.Ad-Hoc|Any CPU.ActiveCfg = Release|x86
		{209D7521-4648-4E38-8E21-554E3F5F2727}.Ad-Hoc|Any CPU.Build.0 = Release|x86
		{209D7521-4648-4E38-8E21-554E3F5F2727}.Ad-Hoc|Any CPU.Deploy.0 = Release|x86
		{209D7521-4648-4E38-8E21-554E3F5F2727}.Ad-Hoc|ARM.ActiveCfg = Release|ARM
		{209D7521-4648-4E38-8E21-554E3F5F2727}.Ad-Hoc|ARM.Build.0 = Release|ARM
		{209D7521-4648-4E38-8E21-554E3F5F2727}.Ad-Hoc|ARM.Deploy.0 = Release|ARM
		{209D7521-4648-4E38-8E21-554E3F5F2727}.Ad-Hoc|iPhone.ActiveCfg = Release|x86
		{209D7521-4648-4E38-8E21-554E3F5F2727}.Ad-Hoc|iPhone.Build.0 = Release|x86
		{209D7521-4648-4E38-8E21-554E3F5F2727}.Ad-Hoc|iPhone.Deploy.0 = Release|x86
		{209D7521-4648-4E38-8E21-554E3F5F2727}.Ad-Hoc|iPhoneSimulator.ActiveCfg = Release|x86
		{209D7521-4648-4E38-8E21-554E3F5F2727}.Ad-Hoc|iPhoneSimulator.Build.0 = Release|x86
		{209D7521-4648-4E38-8E21-554E3F5F2727}.Ad-Hoc|iPhoneSimulator.Deploy.0 = Release|x86
		{209D7521-4648-4E38-8E21-554E3F5F2727}.Ad-Hoc|x64.ActiveCfg = Release|x64
		{209D7521-4648-4E38-8E21-554E3F5F2727}.Ad-Hoc|x64.Build.0 = Release|x64
		{209D7521-4648-4E38-8E21-554E3F5F2727}.Ad-Hoc|x64.Deploy.0 = Release|x64
		{209D7521-4648-4E38-8E21-554E3F5F2727}.Ad-Hoc|x86.ActiveCfg = Release|x86
		{209D7521-4648-4E38-8E21-554E3F5F2727}.Ad-Hoc|x86.Build.0 = Release|x86
		{209D7521-4648-4E38-8E21-554E3F5F2727}.Ad-Hoc|x86.Deploy.0 = Release|x86
		{209D7521-4648-4E38-8E21-554E3F5F2727}.AppStore|Any CPU.ActiveCfg = Release|x86
		{209D7521-4648-4E38-8E21-554E3F5F2727}.AppStore|Any CPU.Build.0 = Release|x86
		{209D7521-4648-4E38-8E21-554E3F5F2727}.AppStore|Any CPU.Deploy.0 = Release|x86
		{209D7521-4648-4E38-8E21-554E3F5F2727}.AppStore|ARM.ActiveCfg = Release|ARM
		{209D7521-4648-4E38-8E21-554E3F5F2727}.AppStore|ARM.Build.0 = Release|ARM
		{209D7521-4648-4E38-8E21-554E3F5F2727}.AppStore|ARM.Deploy.0 = Release|ARM
		{209D7521-4648-4E38-8E21-554E3F5F2727}.AppStore|iPhone.ActiveCfg = Release|x86
		{209D7521-4648-4E38-8E21-554E3F5F2727}.AppStore|iPhone.Build.0 = Release|x86
		{209D7521-4648-4E38-8E21-554E3F5F2727}.AppStore|iPhone.Deploy.0 = Release|x86
		{209D7521-4648-4E38-8E21-554E3F5F2727}.AppStore|iPhoneSimulator.ActiveCfg = Release|x86
		{209D7521-4648-4E38-8E21-554E3F5F2727}.AppStore|iPhoneSimulator.Build.0 = Release|x86
		{209D7521-4648-4E38-8E21-554E3F5F2727}.AppStore|iPhoneSimulator.Deploy.0 = Release|x86
		{209D7521-4648-4E38-8E21-554E3F5F2727}.AppStore|x64.ActiveCfg = Release|x64
		{209D7521-4648-4E38-8E21-554E3F5F2727}.AppStore|x64.Build.0 = Release|x64
		{209D7521-4648-4E38-8E21-554E3F5F2727}.AppStore|x64.Deploy.0 = Release|x64
		{209D7521-4648-4E38-8E21-554E3F5F2727}.AppStore|x86.ActiveCfg = Release|x86
		{209D7521-4648-4E38-8E21-554E3F5F2727}.AppStore|x86.Build.0 = Release|x86
		{209D7521-4648-4E38-8E21-554E3F5F2727}.AppStore|x86.Deploy.0 = Release|x86
		{209D7521-4648-4E38-8E21-554E3F5F2727}.Debug|Any CPU.ActiveCfg = Debug|x86
		{209D7521-4648-4E38-8E21-554E3F5F2727}.Debug|ARM.ActiveCfg = Debug|ARM
		{209D7521-4648-4E38-8E21-554E3F5F2727}.Debug|ARM.Build.0 = Debug|ARM
		{209D7521-4648-4E38-8E21-554E3F5F2727}.Debug|ARM.Deploy.0 = Debug|ARM
		{209D7521-4648-4E38-8E21-554E3F5F2727}.Debug|iPhone.ActiveCfg = Debug|x86
		{209D7521-4648-4E38-8E21-554E3F5F2727}.Debug|iPhoneSimulator.ActiveCfg = Debug|x86
		{209D7521-4648-4E38-8E21-554E3F5F2727}.Debug|x64.ActiveCfg = Debug|x64
		{209D7521-4648-4E38-8E21-554E3F5F2727}.Debug|x64.Build.0 = Debug|x64
		{209D7521-4648-4E38-8E21-554E3F5F2727}.Debug|x64.Deploy.0 = Debug|x64
		{209D7521-4648-4E38-8E21-554E3F5F2727}.Debug|x86.ActiveCfg = Debug|x86
		{209D7521-4648-4E38-8E21-554E3F5F2727}.Debug|x86.Build.0 = Debug|x86
		{209D7521-4648-4E38-8E21-554E3F5F2727}.Debug|x86.Deploy.0 = Debug|x86
		{209D7521-4648-4E38-8E21-554E3F5F2727}.Release|Any CPU.ActiveCfg = Release|x86
		{209D7521-4648-4E38-8E21-554E3F5F2727}.Release|ARM.ActiveCfg = Release|ARM
		{209D7521-4648-4E38-8E21-554E3F5F2727}.Release|ARM.Build.0 = Release|ARM
		{209D7521-4648-4E38-8E21-554E3F5F2727}.Release|ARM.Deploy.0 = Release|ARM
		{209D7521-4648-4E38-8E21-554E3F5F2727}.Release|iPhone.ActiveCfg = Release|x86
		{209D7521-4648-4E38-8E21-554E3F5F2727}.Release|iPhoneSimulator.ActiveCfg = Release|x86
		{209D7521-4648-4E38-8E21-554E3F5F2727}.Release|x64.ActiveCfg = Release|x64
		{209D7521-4648-4E38-8E21-554E3F5F2727}.Release|x64.Build.0 = Release|x64
		{209D7521-4648-4E38-8E21-554E3F5F2727}.Release|x64.Deploy.0 = Release|x64
		{209D7521-4648-4E38-8E21-554E3F5F2727}.Release|x86.ActiveCfg = Release|x86
		{209D7521-4648-4E38-8E21-554E3F5F2727}.Release|x86.Build.0 = Release|x86
		{209D7521-4648-4E38-8E21-554E3F5F2727}.Release|x86.Deploy.0 = Release|x86
		{48681EAE-C676-44BE-AAA2-3C71855B6BD5}.Ad-Hoc|Any CPU.ActiveCfg = Ad-Hoc|iPhone
		{48681EAE-C676-44BE-AAA2-3C71855B6BD5}.Ad-Hoc|ARM.ActiveCfg = Ad-Hoc|iPhone
		{48681EAE-C676-44BE-AAA2-3C71855B6BD5}.Ad-Hoc|iPhone.ActiveCfg = Ad-Hoc|iPhone
		{48681EAE-C676-44BE-AAA2-3C71855B6BD5}.Ad-Hoc|iPhone.Build.0 = Ad-Hoc|iPhone
		{48681EAE-C676-44BE-AAA2-3C71855B6BD5}.Ad-Hoc|iPhoneSimulator.ActiveCfg = Ad-Hoc|iPhoneSimulator
		{48681EAE-C676-44BE-AAA2-3C71855B6BD5}.Ad-Hoc|iPhoneSimulator.Build.0 = Ad-Hoc|iPhoneSimulator
		{48681EAE-C676-44BE-AAA2-3C71855B6BD5}.Ad-Hoc|x64.ActiveCfg = Ad-Hoc|iPhone
		{48681EAE-C676-44BE-AAA2-3C71855B6BD5}.Ad-Hoc|x86.ActiveCfg = Ad-Hoc|iPhone
		{48681EAE-C676-44BE-AAA2-3C71855B6BD5}.AppStore|Any CPU.ActiveCfg = AppStore|iPhone
		{48681EAE-C676-44BE-AAA2-3C71855B6BD5}.AppStore|ARM.ActiveCfg = AppStore|iPhone
		{48681EAE-C676-44BE-AAA2-3C71855B6BD5}.AppStore|iPhone.ActiveCfg = AppStore|iPhone
		{48681EAE-C676-44BE-AAA2-3C71855B6BD5}.AppStore|iPhone.Build.0 = AppStore|iPhone
		{48681EAE-C676-44BE-AAA2-3C71855B6BD5}.AppStore|iPhoneSimulator.ActiveCfg = AppStore|iPhoneSimulator
		{48681EAE-C676-44BE-AAA2-3C71855B6BD5}.AppStore|iPhoneSimulator.Build.0 = AppStore|iPhoneSimulator
		{48681EAE-C676-44BE-AAA2-3C71855B6BD5}.AppStore|x64.ActiveCfg = AppStore|iPhone
		{48681EAE-C676-44BE-AAA2-3C71855B6BD5}.AppStore|x86.ActiveCfg = AppStore|iPhone
		{48681EAE-C676-44BE-AAA2-3C71855B6BD5}.Debug|Any CPU.ActiveCfg = Debug|iPhone
		{48681EAE-C676-44BE-AAA2-3C71855B6BD5}.Debug|ARM.ActiveCfg = Debug|iPhone
		{48681EAE-C676-44BE-AAA2-3C71855B6BD5}.Debug|iPhone.ActiveCfg = Debug|iPhone
		{48681EAE-C676-44BE-AAA2-3C71855B6BD5}.Debug|iPhone.Build.0 = Debug|iPhone
		{48681EAE-C676-44BE-AAA2-3C71855B6BD5}.Debug|iPhoneSimulator.ActiveCfg = Debug|iPhoneSimulator
		{48681EAE-C676-44BE-AAA2-3C71855B6BD5}.Debug|iPhoneSimulator.Build.0 = Debug|iPhoneSimulator
		{48681EAE-C676-44BE-AAA2-3C71855B6BD5}.Debug|x64.ActiveCfg = Debug|iPhone
		{48681EAE-C676-44BE-AAA2-3C71855B6BD5}.Debug|x86.ActiveCfg = Debug|iPhone
		{48681EAE-C676-44BE-AAA2-3C71855B6BD5}.Release|Any CPU.ActiveCfg = Release|iPhone
		{48681EAE-C676-44BE-AAA2-3C71855B6BD5}.Release|ARM.ActiveCfg = Release|iPhone
		{48681EAE-C676-44BE-AAA2-3C71855B6BD5}.Release|iPhone.ActiveCfg = Release|iPhone
		{48681EAE-C676-44BE-AAA2-3C71855B6BD5}.Release|iPhone.Build.0 = Release|iPhone
		{48681EAE-C676-44BE-AAA2-3C71855B6BD5}.Release|iPhoneSimulator.ActiveCfg = Release|iPhoneSimulator
		{48681EAE-C676-44BE-AAA2-3C71855B6BD5}.Release|iPhoneSimulator.Build.0 = Release|iPhoneSimulator
		{48681EAE-C676-44BE-AAA2-3C71855B6BD5}.Release|x64.ActiveCfg = Release|iPhone
		{48681EAE-C676-44BE-AAA2-3C71855B6BD5}.Release|x86.ActiveCfg = Release|iPhone
	EndGlobalSection
	GlobalSection(SolutionProperties) = preSolution
		HideSolutionNode = FALSE
	EndGlobalSection
	GlobalSection(ExtensibilityGlobals) = postSolution
		SolutionGuid = {37E6A6AB-8719-4DB3-BF2F-FCBFD92F9CB9}
	EndGlobalSection
EndGlobal
